// !$*UTF8*$!
{
	archiveVersion = 1;
	classes = {
	};
	objectVersion = 46;
	objects = {

/* Begin PBXBuildFile section */
		C4AFA16B1A33D71F00040A9D /* AppDelegate.swift in Sources */ = {isa = PBXBuildFile; fileRef = C4AFA16A1A33D71F00040A9D /* AppDelegate.swift */; };
		C4AFA16D1A33D71F00040A9D /* ViewController.swift in Sources */ = {isa = PBXBuildFile; fileRef = C4AFA16C1A33D71F00040A9D /* ViewController.swift */; };
		C4AFA1701A33D71F00040A9D /* Main.storyboard in Resources */ = {isa = PBXBuildFile; fileRef = C4AFA16E1A33D71F00040A9D /* Main.storyboard */; };
		C4AFA1721A33D71F00040A9D /* Images.xcassets in Resources */ = {isa = PBXBuildFile; fileRef = C4AFA1711A33D71F00040A9D /* Images.xcassets */; };
		C4AFA1751A33D71F00040A9D /* LaunchScreen.xib in Resources */ = {isa = PBXBuildFile; fileRef = C4AFA1731A33D71F00040A9D /* LaunchScreen.xib */; };
		C4AFA1811A33D71F00040A9D /* SynchroSwiftTests.swift in Sources */ = {isa = PBXBuildFile; fileRef = C4AFA1801A33D71F00040A9D /* SynchroSwiftTests.swift */; };
/* End PBXBuildFile section */

/* Begin PBXContainerItemProxy section */
		C4AFA17B1A33D71F00040A9D /* PBXContainerItemProxy */ = {
			isa = PBXContainerItemProxy;
			containerPortal = C4AFA15D1A33D71F00040A9D /* Project object */;
			proxyType = 1;
			remoteGlobalIDString = C4AFA1641A33D71F00040A9D;
			remoteInfo = SynchroSwift;
		};
/* End PBXContainerItemProxy section */

/* Begin PBXFileReference section */
		C4AFA1651A33D71F00040A9D /* SynchroSwift.app */ = {isa = PBXFileReference; explicitFileType = wrapper.application; includeInIndex = 0; path = SynchroSwift.app; sourceTree = BUILT_PRODUCTS_DIR; };
		C4AFA1691A33D71F00040A9D /* Info.plist */ = {isa = PBXFileReference; lastKnownFileType = text.plist.xml; path = Info.plist; sourceTree = "<group>"; };
		C4AFA16A1A33D71F00040A9D /* AppDelegate.swift */ = {isa = PBXFileReference; lastKnownFileType = sourcecode.swift; path = AppDelegate.swift; sourceTree = "<group>"; };
		C4AFA16C1A33D71F00040A9D /* ViewController.swift */ = {isa = PBXFileReference; lastKnownFileType = sourcecode.swift; path = ViewController.swift; sourceTree = "<group>"; };
		C4AFA16F1A33D71F00040A9D /* Base */ = {isa = PBXFileReference; lastKnownFileType = file.storyboard; name = Base; path = Base.lproj/Main.storyboard; sourceTree = "<group>"; };
		C4AFA1711A33D71F00040A9D /* Images.xcassets */ = {isa = PBXFileReference; lastKnownFileType = folder.assetcatalog; path = Images.xcassets; sourceTree = "<group>"; };
		C4AFA1741A33D71F00040A9D /* Base */ = {isa = PBXFileReference; lastKnownFileType = file.xib; name = Base; path = Base.lproj/LaunchScreen.xib; sourceTree = "<group>"; };
		C4AFA17A1A33D71F00040A9D /* SynchroSwiftTests.xctest */ = {isa = PBXFileReference; explicitFileType = wrapper.cfbundle; includeInIndex = 0; path = SynchroSwiftTests.xctest; sourceTree = BUILT_PRODUCTS_DIR; };
		C4AFA17F1A33D71F00040A9D /* Info.plist */ = {isa = PBXFileReference; lastKnownFileType = text.plist.xml; path = Info.plist; sourceTree = "<group>"; };
		C4AFA1801A33D71F00040A9D /* SynchroSwiftTests.swift */ = {isa = PBXFileReference; lastKnownFileType = sourcecode.swift; path = SynchroSwiftTests.swift; sourceTree = "<group>"; };
/* End PBXFileReference section */

/* Begin PBXFrameworksBuildPhase section */
		C4AFA1621A33D71F00040A9D /* Frameworks */ = {
			isa = PBXFrameworksBuildPhase;
			buildActionMask = 2147483647;
			files = (
			);
			runOnlyForDeploymentPostprocessing = 0;
		};
		C4AFA1771A33D71F00040A9D /* Frameworks */ = {
			isa = PBXFrameworksBuildPhase;
			buildActionMask = 2147483647;
			files = (
			);
			runOnlyForDeploymentPostprocessing = 0;
		};
/* End PBXFrameworksBuildPhase section */

/* Begin PBXGroup section */
		C4AFA15C1A33D71F00040A9D = {
			isa = PBXGroup;
			children = (
				C4AFA1671A33D71F00040A9D /* SynchroSwift */,
				C4AFA17D1A33D71F00040A9D /* SynchroSwiftTests */,
				C4AFA1661A33D71F00040A9D /* Products */,
			);
			sourceTree = "<group>";
		};
		C4AFA1661A33D71F00040A9D /* Products */ = {
			isa = PBXGroup;
			children = (
				C4AFA1651A33D71F00040A9D /* SynchroSwift.app */,
				C4AFA17A1A33D71F00040A9D /* SynchroSwiftTests.xctest */,
			);
			name = Products;
			sourceTree = "<group>";
		};
		C4AFA1671A33D71F00040A9D /* SynchroSwift */ = {
			isa = PBXGroup;
			children = (
				C4AFA16A1A33D71F00040A9D /* AppDelegate.swift */,
				C4AFA16C1A33D71F00040A9D /* ViewController.swift */,
				C4AFA16E1A33D71F00040A9D /* Main.storyboard */,
				C4AFA1711A33D71F00040A9D /* Images.xcassets */,
				C4AFA1731A33D71F00040A9D /* LaunchScreen.xib */,
				C4AFA1681A33D71F00040A9D /* Supporting Files */,
			);
			path = SynchroSwift;
			sourceTree = "<group>";
		};
		C4AFA1681A33D71F00040A9D /* Supporting Files */ = {
			isa = PBXGroup;
			children = (
				C4AFA1691A33D71F00040A9D /* Info.plist */,
			);
			name = "Supporting Files";
			sourceTree = "<group>";
		};
		C4AFA17D1A33D71F00040A9D /* SynchroSwiftTests */ = {
			isa = PBXGroup;
			children = (
				C4AFA1801A33D71F00040A9D /* SynchroSwiftTests.swift */,
				C4AFA17E1A33D71F00040A9D /* Supporting Files */,
			);
			path = SynchroSwiftTests;
			sourceTree = "<group>";
		};
		C4AFA17E1A33D71F00040A9D /* Supporting Files */ = {
			isa = PBXGroup;
			children = (
				C4AFA17F1A33D71F00040A9D /* Info.plist */,
			);
			name = "Supporting Files";
			sourceTree = "<group>";
		};
/* End PBXGroup section */

/* Begin PBXNativeTarget section */
		C4AFA1641A33D71F00040A9D /* SynchroSwift */ = {
			isa = PBXNativeTarget;
			buildConfigurationList = C4AFA1841A33D71F00040A9D /* Build configuration list for PBXNativeTarget "SynchroSwift" */;
			buildPhases = (
				C4AFA1611A33D71F00040A9D /* Sources */,
				C4AFA1621A33D71F00040A9D /* Frameworks */,
				C4AFA1631A33D71F00040A9D /* Resources */,
			);
			buildRules = (
			);
			dependencies = (
			);
			name = SynchroSwift;
			productName = SynchroSwift;
			productReference = C4AFA1651A33D71F00040A9D /* SynchroSwift.app */;
			productType = "com.apple.product-type.application";
		};
		C4AFA1791A33D71F00040A9D /* SynchroSwiftTests */ = {
			isa = PBXNativeTarget;
			buildConfigurationList = C4AFA1871A33D71F00040A9D /* Build configuration list for PBXNativeTarget "SynchroSwiftTests" */;
			buildPhases = (
				C4AFA1761A33D71F00040A9D /* Sources */,
				C4AFA1771A33D71F00040A9D /* Frameworks */,
				C4AFA1781A33D71F00040A9D /* Resources */,
			);
			buildRules = (
			);
			dependencies = (
				C4AFA17C1A33D71F00040A9D /* PBXTargetDependency */,
			);
			name = SynchroSwiftTests;
			productName = SynchroSwiftTests;
			productReference = C4AFA17A1A33D71F00040A9D /* SynchroSwiftTests.xctest */;
			productType = "com.apple.product-type.bundle.unit-test";
		};
/* End PBXNativeTarget section */

/* Begin PBXProject section */
		C4AFA15D1A33D71F00040A9D /* Project object */ = {
			isa = PBXProject;
			attributes = {
				LastUpgradeCheck = 0610;
				ORGANIZATIONNAME = "Robert Dickinson";
				TargetAttributes = {
					C4AFA1641A33D71F00040A9D = {
						CreatedOnToolsVersion = 6.1;
					};
					C4AFA1791A33D71F00040A9D = {
						CreatedOnToolsVersion = 6.1;
						TestTargetID = C4AFA1641A33D71F00040A9D;
					};
				};
			};
			buildConfigurationList = C4AFA1601A33D71F00040A9D /* Build configuration list for PBXProject "SynchroSwift" */;
			compatibilityVersion = "Xcode 3.2";
			developmentRegion = English;
			hasScannedForEncodings = 0;
			knownRegions = (
				en,
				Base,
			);
			mainGroup = C4AFA15C1A33D71F00040A9D;
			productRefGroup = C4AFA1661A33D71F00040A9D /* Products */;
			projectDirPath = "";
			projectRoot = "";
			targets = (
				C4AFA1641A33D71F00040A9D /* SynchroSwift */,
				C4AFA1791A33D71F00040A9D /* SynchroSwiftTests */,
			);
		};
/* End PBXProject section */

/* Begin PBXResourcesBuildPhase section */
		C4AFA1631A33D71F00040A9D /* Resources */ = {
			isa = PBXResourcesBuildPhase;
			buildActionMask = 2147483647;
			files = (
				C4AFA1701A33D71F00040A9D /* Main.storyboard in Resources */,
				C4AFA1751A33D71F00040A9D /* LaunchScreen.xib in Resources */,
				C4AFA1721A33D71F00040A9D /* Images.xcassets in Resources */,
			);
			runOnlyForDeploymentPostprocessing = 0;
		};
		C4AFA1781A33D71F00040A9D /* Resources */ = {
			isa = PBXResourcesBuildPhase;
			buildActionMask = 2147483647;
			files = (
			);
			runOnlyForDeploymentPostprocessing = 0;
		};
/* End PBXResourcesBuildPhase section */

/* Begin PBXSourcesBuildPhase section */
		C4AFA1611A33D71F00040A9D /* Sources */ = {
			isa = PBXSourcesBuildPhase;
			buildActionMask = 2147483647;
			files = (
				C4AFA16D1A33D71F00040A9D /* ViewController.swift in Sources */,
				C4AFA16B1A33D71F00040A9D /* AppDelegate.swift in Sources */,
			);
			runOnlyForDeploymentPostprocessing = 0;
		};
		C4AFA1761A33D71F00040A9D /* Sources */ = {
			isa = PBXSourcesBuildPhase;
			buildActionMask = 2147483647;
			files = (
				C4AFA1811A33D71F00040A9D /* SynchroSwiftTests.swift in Sources */,
			);
			runOnlyForDeploymentPostprocessing = 0;
		};
/* End PBXSourcesBuildPhase section */

/* Begin PBXTargetDependency section */
		C4AFA17C1A33D71F00040A9D /* PBXTargetDependency */ = {
			isa = PBXTargetDependency;
			target = C4AFA1641A33D71F00040A9D /* SynchroSwift */;
			targetProxy = C4AFA17B1A33D71F00040A9D /* PBXContainerItemProxy */;
		};
/* End PBXTargetDependency section */

/* Begin PBXVariantGroup section */
		C4AFA16E1A33D71F00040A9D /* Main.storyboard */ = {
			isa = PBXVariantGroup;
			children = (
				C4AFA16F1A33D71F00040A9D /* Base */,
			);
			name = Main.storyboard;
			sourceTree = "<group>";
		};
		C4AFA1731A33D71F00040A9D /* LaunchScreen.xib */ = {
			isa = PBXVariantGroup;
			children = (
				C4AFA1741A33D71F00040A9D /* Base */,
			);
			name = LaunchScreen.xib;
			sourceTree = "<group>";
		};
/* End PBXVariantGroup section */

/* Begin XCBuildConfiguration section */
		C4AFA1821A33D71F00040A9D /* Debug */ = {
			isa = XCBuildConfiguration;
			buildSettings = {
				ALWAYS_SEARCH_USER_PATHS = NO;
				CLANG_CXX_LANGUAGE_STANDARD = "gnu++0x";
				CLANG_CXX_LIBRARY = "libc++";
				CLANG_ENABLE_MODULES = YES;
				CLANG_ENABLE_OBJC_ARC = YES;
				CLANG_WARN_BOOL_CONVERSION = YES;
				CLANG_WARN_CONSTANT_CONVERSION = YES;
				CLANG_WARN_DIRECT_OBJC_ISA_USAGE = YES_ERROR;
				CLANG_WARN_EMPTY_BODY = YES;
				CLANG_WARN_ENUM_CONVERSION = YES;
				CLANG_WARN_INT_CONVERSION = YES;
				CLANG_WARN_OBJC_ROOT_CLASS = YES_ERROR;
				CLANG_WARN_UNREACHABLE_CODE = YES;
				CLANG_WARN__DUPLICATE_METHOD_MATCH = YES;
				"CODE_SIGN_IDENTITY[sdk=iphoneos*]" = "iPhone Developer";
				COPY_PHASE_STRIP = NO;
				ENABLE_STRICT_OBJC_MSGSEND = YES;
				GCC_C_LANGUAGE_STANDARD = gnu99;
				GCC_DYNAMIC_NO_PIC = NO;
				GCC_OPTIMIZATION_LEVEL = 0;
				GCC_PREPROCESSOR_DEFINITIONS = (
					"DEBUG=1",
					"$(inherited)",
				);
				GCC_SYMBOLS_PRIVATE_EXTERN = NO;
				GCC_WARN_64_TO_32_BIT_CONVERSION = YES;
				GCC_WARN_ABOUT_RETURN_TYPE = YES_ERROR;
				GCC_WARN_UNDECLARED_SELECTOR = YES;
				GCC_WARN_UNINITIALIZED_AUTOS = YES_AGGRESSIVE;
				GCC_WARN_UNUSED_FUNCTION = YES;
				GCC_WARN_UNUSED_VARIABLE = YES;
				IPHONEOS_DEPLOYMENT_TARGET = 8.1;
				MTL_ENABLE_DEBUG_INFO = YES;
				ONLY_ACTIVE_ARCH = YES;
				SDKROOT = iphoneos;
				SWIFT_OPTIMIZATION_LEVEL = "-Onone";
				TARGETED_DEVICE_FAMILY = "1,2";
			};
			name = Debug;
		};
		C4AFA1831A33D71F00040A9D /* Release */ = {
			isa = XCBuildConfiguration;
			buildSettings = {
				ALWAYS_SEARCH_USER_PATHS = NO;
				CLANG_CXX_LANGUAGE_STANDARD = "gnu++0x";
				CLANG_CXX_LIBRARY = "libc++";
				CLANG_ENABLE_MODULES = YES;
				CLANG_ENABLE_OBJC_ARC = YES;
				CLANG_WARN_BOOL_CONVERSION = YES;
				CLANG_WARN_CONSTANT_CONVERSION = YES;
				CLANG_WARN_DIRECT_OBJC_ISA_USAGE = YES_ERROR;
				CLANG_WARN_EMPTY_BODY = YES;
				CLANG_WARN_ENUM_CONVERSION = YES;
				CLANG_WARN_INT_CONVERSION = YES;
				CLANG_WARN_OBJC_ROOT_CLASS = YES_ERROR;
				CLANG_WARN_UNREACHABLE_CODE = YES;
				CLANG_WARN__DUPLICATE_METHOD_MATCH = YES;
				"CODE_SIGN_IDENTITY[sdk=iphoneos*]" = "iPhone Developer";
				COPY_PHASE_STRIP = YES;
				ENABLE_NS_ASSERTIONS = NO;
				ENABLE_STRICT_OBJC_MSGSEND = YES;
				GCC_C_LANGUAGE_STANDARD = gnu99;
				GCC_WARN_64_TO_32_BIT_CONVERSION = YES;
				GCC_WARN_ABOUT_RETURN_TYPE = YES_ERROR;
				GCC_WARN_UNDECLARED_SELECTOR = YES;
				GCC_WARN_UNINITIALIZED_AUTOS = YES_AGGRESSIVE;
				GCC_WARN_UNUSED_FUNCTION = YES;
				GCC_WARN_UNUSED_VARIABLE = YES;
				IPHONEOS_DEPLOYMENT_TARGET = 8.1;
				MTL_ENABLE_DEBUG_INFO = NO;
				SDKROOT = iphoneos;
				TARGETED_DEVICE_FAMILY = "1,2";
				VALIDATE_PRODUCT = YES;
			};
			name = Release;
		};
		C4AFA1851A33D71F00040A9D /* Debug */ = {
			isa = XCBuildConfiguration;
			buildSettings = {
				ASSETCATALOG_COMPILER_APPICON_NAME = AppIcon;
				INFOPLIST_FILE = SynchroSwift/Info.plist;
				LD_RUNPATH_SEARCH_PATHS = "$(inherited) @executable_path/Frameworks";
				PRODUCT_NAME = "$(TARGET_NAME)";
			};
			name = Debug;
		};
		C4AFA1861A33D71F00040A9D /* Release */ = {
			isa = XCBuildConfiguration;
			buildSettings = {
				ASSETCATALOG_COMPILER_APPICON_NAME = AppIcon;
				INFOPLIST_FILE = SynchroSwift/Info.plist;
				LD_RUNPATH_SEARCH_PATHS = "$(inherited) @executable_path/Frameworks";
				PRODUCT_NAME = "$(TARGET_NAME)";
			};
			name = Release;
		};
		C4AFA1881A33D71F00040A9D /* Debug */ = {
			isa = XCBuildConfiguration;
			buildSettings = {
				BUNDLE_LOADER = "$(TEST_HOST)";
				FRAMEWORK_SEARCH_PATHS = (
					"$(SDKROOT)/Developer/Library/Frameworks",
					"$(inherited)",
				);
				GCC_PREPROCESSOR_DEFINITIONS = (
					"DEBUG=1",
					"$(inherited)",
				);
				INFOPLIST_FILE = SynchroSwiftTests/Info.plist;
				LD_RUNPATH_SEARCH_PATHS = "$(inherited) @executable_path/Frameworks @loader_path/Frameworks";
				PRODUCT_NAME = "$(TARGET_NAME)";
				TEST_HOST = "$(BUILT_PRODUCTS_DIR)/SynchroSwift.app/SynchroSwift";
			};
			name = Debug;
		};
		C4AFA1891A33D71F00040A9D /* Release */ = {
			isa = XCBuildConfiguration;
			buildSettings = {
				BUNDLE_LOADER = "$(TEST_HOST)";
				FRAMEWORK_SEARCH_PATHS = (
					"$(SDKROOT)/Developer/Library/Frameworks",
					"$(inherited)",
				);
				INFOPLIST_FILE = SynchroSwiftTests/Info.plist;
				LD_RUNPATH_SEARCH_PATHS = "$(inherited) @executable_path/Frameworks @loader_path/Frameworks";
				PRODUCT_NAME = "$(TARGET_NAME)";
				TEST_HOST = "$(BUILT_PRODUCTS_DIR)/SynchroSwift.app/SynchroSwift";
			};
			name = Release;
		};
/* End XCBuildConfiguration section */

/* Begin XCConfigurationList section */
		C4AFA1601A33D71F00040A9D /* Build configuration list for PBXProject "SynchroSwift" */ = {
			isa = XCConfigurationList;
			buildConfigurations = (
				C4AFA1821A33D71F00040A9D /* Debug */,
				C4AFA1831A33D71F00040A9D /* Release */,
			);
			defaultConfigurationIsVisible = 0;
			defaultConfigurationName = Release;
		};
		C4AFA1841A33D71F00040A9D /* Build configuration list for PBXNativeTarget "SynchroSwift" */ = {
			isa = XCConfigurationList;
			buildConfigurations = (
				C4AFA1851A33D71F00040A9D /* Debug */,
				C4AFA1861A33D71F00040A9D /* Release */,
			);
			defaultConfigurationIsVisible = 0;
		};
		C4AFA1871A33D71F00040A9D /* Build configuration list for PBXNativeTarget "SynchroSwiftTests" */ = {
			isa = XCConfigurationList;
			buildConfigurations = (
				C4AFA1881A33D71F00040A9D /* Debug */,
				C4AFA1891A33D71F00040A9D /* Release */,
			);
			defaultConfigurationIsVisible = 0;
		};
/* End XCConfigurationList section */
	};
	rootObject = C4AFA15D1A33D71F00040A9D /* Project object */;
}
