// !$*UTF8*$!
{
	archiveVersion = 1;
	classes = {
	};
	objectVersion = 46;
	objects = {

/* Begin PBXBuildFile section */
		C40D60571A3AD0F50048B5A0 /* StateManagerTests.swift in Sources */ = {isa = PBXBuildFile; fileRef = C40D60561A3AD0F50048B5A0 /* StateManagerTests.swift */; };
		C40D60581A3AD3300048B5A0 /* ViewController.swift in Sources */ = {isa = PBXBuildFile; fileRef = C4AFA16C1A33D71F00040A9D /* ViewController.swift */; };
		C40D605A1A3C25C80048B5A0 /* CommandInstance.swift in Sources */ = {isa = PBXBuildFile; fileRef = C40D60591A3C25C80048B5A0 /* CommandInstance.swift */; };
		C40D605C1A3CC93C0048B5A0 /* ControlWrapper.swift in Sources */ = {isa = PBXBuildFile; fileRef = C40D605B1A3CC93C0048B5A0 /* ControlWrapper.swift */; };
		C40D60601A3CC9F30048B5A0 /* ControlWrapperTests.swift in Sources */ = {isa = PBXBuildFile; fileRef = C40D605F1A3CC9F30048B5A0 /* ControlWrapperTests.swift */; };
		C40D60621A3CCE0D0048B5A0 /* iOSControlWrapper.swift in Sources */ = {isa = PBXBuildFile; fileRef = C40D60611A3CCE0D0048B5A0 /* iOSControlWrapper.swift */; };
		C40D60641A3CDB910048B5A0 /* PageView.swift in Sources */ = {isa = PBXBuildFile; fileRef = C40D60631A3CDB910048B5A0 /* PageView.swift */; };
		C416C4FF1A38415E00FD789A /* BindingTests.swift in Sources */ = {isa = PBXBuildFile; fileRef = C416C4FE1A38415E00FD789A /* BindingTests.swift */; };
		C416C5011A38584300FD789A /* TokenConverter.swift in Sources */ = {isa = PBXBuildFile; fileRef = C416C5001A38584300FD789A /* TokenConverter.swift */; };
		C416C5031A38585500FD789A /* TokenConverterTests.swift in Sources */ = {isa = PBXBuildFile; fileRef = C416C5021A38585500FD789A /* TokenConverterTests.swift */; };
		C42F3CFE1A370B950010AC55 /* BindingContextTests.swift in Sources */ = {isa = PBXBuildFile; fileRef = C42F3CFD1A370B950010AC55 /* BindingContextTests.swift */; };
		C45611571A3D763900779139 /* iOSBorderWrapper.swift in Sources */ = {isa = PBXBuildFile; fileRef = C45611561A3D763900779139 /* iOSBorderWrapper.swift */; };
		C45611591A3D764900779139 /* iOSButtonWrapper.swift in Sources */ = {isa = PBXBuildFile; fileRef = C45611581A3D764900779139 /* iOSButtonWrapper.swift */; };
		C456115B1A3D765A00779139 /* iOSCanvasWrapper.swift in Sources */ = {isa = PBXBuildFile; fileRef = C456115A1A3D765A00779139 /* iOSCanvasWrapper.swift */; };
		C456115D1A3D767200779139 /* iOSTextBoxWrapper.swift in Sources */ = {isa = PBXBuildFile; fileRef = C456115C1A3D767200779139 /* iOSTextBoxWrapper.swift */; };
		C456115F1A3D768100779139 /* iOSGridViewWrapper.swift in Sources */ = {isa = PBXBuildFile; fileRef = C456115E1A3D768100779139 /* iOSGridViewWrapper.swift */; };
		C45611611A3D769200779139 /* iOSImageWrapper.swift in Sources */ = {isa = PBXBuildFile; fileRef = C45611601A3D769200779139 /* iOSImageWrapper.swift */; };
		C45611631A3D769F00779139 /* iOSListBoxWrapper.swift in Sources */ = {isa = PBXBuildFile; fileRef = C45611621A3D769F00779139 /* iOSListBoxWrapper.swift */; };
		C45611651A3D76AF00779139 /* iOSListViewWrapper.swift in Sources */ = {isa = PBXBuildFile; fileRef = C45611641A3D76AF00779139 /* iOSListViewWrapper.swift */; };
		C45611671A3D76BB00779139 /* iOSLocationWrapper.swift in Sources */ = {isa = PBXBuildFile; fileRef = C45611661A3D76BB00779139 /* iOSLocationWrapper.swift */; };
		C45611691A3D76D000779139 /* iOSToolBarWrapper.swift in Sources */ = {isa = PBXBuildFile; fileRef = C45611681A3D76D000779139 /* iOSToolBarWrapper.swift */; };
		C456116B1A3D76DF00779139 /* iOSToolBarToggleWrapper.swift in Sources */ = {isa = PBXBuildFile; fileRef = C456116A1A3D76DF00779139 /* iOSToolBarToggleWrapper.swift */; };
		C456116D1A3D76FA00779139 /* iOSPickerWrapper.swift in Sources */ = {isa = PBXBuildFile; fileRef = C456116C1A3D76FA00779139 /* iOSPickerWrapper.swift */; };
		C456116F1A3D771400779139 /* iOSProgressBarWrapper.swift in Sources */ = {isa = PBXBuildFile; fileRef = C456116E1A3D771400779139 /* iOSProgressBarWrapper.swift */; };
		C45611711A3D772100779139 /* iOSProgressRingWrapper.swift in Sources */ = {isa = PBXBuildFile; fileRef = C45611701A3D772100779139 /* iOSProgressRingWrapper.swift */; };
		C45611731A3D773200779139 /* iOSRectangleWrapper.swift in Sources */ = {isa = PBXBuildFile; fileRef = C45611721A3D773200779139 /* iOSRectangleWrapper.swift */; };
		C45611751A3D774000779139 /* iOSScrollWrapper.swift in Sources */ = {isa = PBXBuildFile; fileRef = C45611741A3D774000779139 /* iOSScrollWrapper.swift */; };
		C45611771A3D775000779139 /* iOSSliderWrapper.swift in Sources */ = {isa = PBXBuildFile; fileRef = C45611761A3D775000779139 /* iOSSliderWrapper.swift */; };
		C45611791A3D775C00779139 /* iOSStackPanelWrapper.swift in Sources */ = {isa = PBXBuildFile; fileRef = C45611781A3D775C00779139 /* iOSStackPanelWrapper.swift */; };
		C456117B1A3D777600779139 /* iOSTextBlockWrapper.swift in Sources */ = {isa = PBXBuildFile; fileRef = C456117A1A3D777600779139 /* iOSTextBlockWrapper.swift */; };
		C456117D1A3D778300779139 /* iOSToggleSwitchWrapper.swift in Sources */ = {isa = PBXBuildFile; fileRef = C456117C1A3D778300779139 /* iOSToggleSwitchWrapper.swift */; };
		C456117F1A3D77CC00779139 /* iOSWebViewWrapper.swift in Sources */ = {isa = PBXBuildFile; fileRef = C456117E1A3D77CC00779139 /* iOSWebViewWrapper.swift */; };
		C45611811A3D77DE00779139 /* iOSWrapPanelWrapper.swift in Sources */ = {isa = PBXBuildFile; fileRef = C45611801A3D77DE00779139 /* iOSWrapPanelWrapper.swift */; };
		C4646AA01A391D150043FB90 /* Util.swift in Sources */ = {isa = PBXBuildFile; fileRef = C4646A9F1A391D150043FB90 /* Util.swift */; };
		C4646AA21A392BC30043FB90 /* UtilTests.swift in Sources */ = {isa = PBXBuildFile; fileRef = C4646AA11A392BC30043FB90 /* UtilTests.swift */; };
		C4646AA41A3A24EB0043FB90 /* ViewModelTests.swift in Sources */ = {isa = PBXBuildFile; fileRef = C4646AA31A3A24EB0043FB90 /* ViewModelTests.swift */; };
		C4AFA16B1A33D71F00040A9D /* AppDelegate.swift in Sources */ = {isa = PBXBuildFile; fileRef = C4AFA16A1A33D71F00040A9D /* AppDelegate.swift */; };
		C4AFA16D1A33D71F00040A9D /* ViewController.swift in Sources */ = {isa = PBXBuildFile; fileRef = C4AFA16C1A33D71F00040A9D /* ViewController.swift */; };
		C4AFA1701A33D71F00040A9D /* Main.storyboard in Resources */ = {isa = PBXBuildFile; fileRef = C4AFA16E1A33D71F00040A9D /* Main.storyboard */; };
		C4AFA1721A33D71F00040A9D /* Images.xcassets in Resources */ = {isa = PBXBuildFile; fileRef = C4AFA1711A33D71F00040A9D /* Images.xcassets */; };
		C4AFA1751A33D71F00040A9D /* LaunchScreen.xib in Resources */ = {isa = PBXBuildFile; fileRef = C4AFA1731A33D71F00040A9D /* LaunchScreen.xib */; };
		C4AFA1811A33D71F00040A9D /* SynchroSwiftTests.swift in Sources */ = {isa = PBXBuildFile; fileRef = C4AFA1801A33D71F00040A9D /* SynchroSwiftTests.swift */; };
		C4AFA1971A33DE9100040A9D /* Binding.swift in Sources */ = {isa = PBXBuildFile; fileRef = C4AFA18B1A33DE9100040A9D /* Binding.swift */; };
		C4AFA1981A33DE9100040A9D /* BindingContext.swift in Sources */ = {isa = PBXBuildFile; fileRef = C4AFA18C1A33DE9100040A9D /* BindingContext.swift */; };
		C4AFA1991A33DE9100040A9D /* DeviceMetrics.swift in Sources */ = {isa = PBXBuildFile; fileRef = C4AFA18D1A33DE9100040A9D /* DeviceMetrics.swift */; };
		C4AFA19A1A33DE9100040A9D /* Json.swift in Sources */ = {isa = PBXBuildFile; fileRef = C4AFA18E1A33DE9100040A9D /* Json.swift */; };
		C4AFA19B1A33DE9100040A9D /* JsonParser.swift in Sources */ = {isa = PBXBuildFile; fileRef = C4AFA18F1A33DE9100040A9D /* JsonParser.swift */; };
		C4AFA19C1A33DE9100040A9D /* JsonWriter.swift in Sources */ = {isa = PBXBuildFile; fileRef = C4AFA1901A33DE9100040A9D /* JsonWriter.swift */; };
		C4AFA19D1A33DE9100040A9D /* Logger.swift in Sources */ = {isa = PBXBuildFile; fileRef = C4AFA1911A33DE9100040A9D /* Logger.swift */; };
		C4AFA19E1A33DE9100040A9D /* StateManager.swift in Sources */ = {isa = PBXBuildFile; fileRef = C4AFA1921A33DE9100040A9D /* StateManager.swift */; };
		C4AFA19F1A33DE9100040A9D /* SynchroApp.swift in Sources */ = {isa = PBXBuildFile; fileRef = C4AFA1931A33DE9100040A9D /* SynchroApp.swift */; };
		C4AFA1A01A33DE9100040A9D /* Transport.swift in Sources */ = {isa = PBXBuildFile; fileRef = C4AFA1941A33DE9100040A9D /* Transport.swift */; };
		C4AFA1A11A33DE9100040A9D /* TransportHttp.swift in Sources */ = {isa = PBXBuildFile; fileRef = C4AFA1951A33DE9100040A9D /* TransportHttp.swift */; };
		C4AFA1A21A33DE9100040A9D /* ViewModel.swift in Sources */ = {isa = PBXBuildFile; fileRef = C4AFA1961A33DE9100040A9D /* ViewModel.swift */; };
		C4AFA1AB1A33DEAB00040A9D /* JsonParserTests.swift in Sources */ = {isa = PBXBuildFile; fileRef = C4AFA1A71A33DEAB00040A9D /* JsonParserTests.swift */; };
		C4AFA1AC1A33DEAB00040A9D /* JsonTests.swift in Sources */ = {isa = PBXBuildFile; fileRef = C4AFA1A81A33DEAB00040A9D /* JsonTests.swift */; };
		C4AFA1AD1A33DEAB00040A9D /* SynchroAppTests.swift in Sources */ = {isa = PBXBuildFile; fileRef = C4AFA1A91A33DEAB00040A9D /* SynchroAppTests.swift */; };
		C4AFA1AE1A33DEAB00040A9D /* TransportTests.swift in Sources */ = {isa = PBXBuildFile; fileRef = C4AFA1AA1A33DEAB00040A9D /* TransportTests.swift */; };
		C4AFA1B01A33DF4C00040A9D /* seed.json in Resources */ = {isa = PBXBuildFile; fileRef = C4AFA1AF1A33DF4C00040A9D /* seed.json */; };
		C4B4FD251A3E6DC800328772 /* iOSPageView.swift in Sources */ = {isa = PBXBuildFile; fileRef = C4B4FD241A3E6DC800328772 /* iOSPageView.swift */; };
/* End PBXBuildFile section */

/* Begin PBXContainerItemProxy section */
		C4AFA17B1A33D71F00040A9D /* PBXContainerItemProxy */ = {
			isa = PBXContainerItemProxy;
			containerPortal = C4AFA15D1A33D71F00040A9D /* Project object */;
			proxyType = 1;
			remoteGlobalIDString = C4AFA1641A33D71F00040A9D;
			remoteInfo = SynchroSwift;
		};
/* End PBXContainerItemProxy section */

/* Begin PBXFileReference section */
		C40D60561A3AD0F50048B5A0 /* StateManagerTests.swift */ = {isa = PBXFileReference; fileEncoding = 4; lastKnownFileType = sourcecode.swift; path = StateManagerTests.swift; sourceTree = "<group>"; };
		C40D60591A3C25C80048B5A0 /* CommandInstance.swift */ = {isa = PBXFileReference; fileEncoding = 4; lastKnownFileType = sourcecode.swift; path = CommandInstance.swift; sourceTree = "<group>"; };
		C40D605B1A3CC93C0048B5A0 /* ControlWrapper.swift */ = {isa = PBXFileReference; fileEncoding = 4; lastKnownFileType = sourcecode.swift; path = ControlWrapper.swift; sourceTree = "<group>"; };
		C40D605F1A3CC9F30048B5A0 /* ControlWrapperTests.swift */ = {isa = PBXFileReference; fileEncoding = 4; lastKnownFileType = sourcecode.swift; path = ControlWrapperTests.swift; sourceTree = "<group>"; };
		C40D60611A3CCE0D0048B5A0 /* iOSControlWrapper.swift */ = {isa = PBXFileReference; fileEncoding = 4; lastKnownFileType = sourcecode.swift; path = iOSControlWrapper.swift; sourceTree = "<group>"; };
		C40D60631A3CDB910048B5A0 /* PageView.swift */ = {isa = PBXFileReference; fileEncoding = 4; lastKnownFileType = sourcecode.swift; path = PageView.swift; sourceTree = "<group>"; };
		C416C4FE1A38415E00FD789A /* BindingTests.swift */ = {isa = PBXFileReference; fileEncoding = 4; lastKnownFileType = sourcecode.swift; path = BindingTests.swift; sourceTree = "<group>"; };
		C416C5001A38584300FD789A /* TokenConverter.swift */ = {isa = PBXFileReference; fileEncoding = 4; lastKnownFileType = sourcecode.swift; path = TokenConverter.swift; sourceTree = "<group>"; };
		C416C5021A38585500FD789A /* TokenConverterTests.swift */ = {isa = PBXFileReference; fileEncoding = 4; lastKnownFileType = sourcecode.swift; path = TokenConverterTests.swift; sourceTree = "<group>"; };
		C42F3CFD1A370B950010AC55 /* BindingContextTests.swift */ = {isa = PBXFileReference; fileEncoding = 4; lastKnownFileType = sourcecode.swift; path = BindingContextTests.swift; sourceTree = "<group>"; };
		C45611561A3D763900779139 /* iOSBorderWrapper.swift */ = {isa = PBXFileReference; fileEncoding = 4; lastKnownFileType = sourcecode.swift; path = iOSBorderWrapper.swift; sourceTree = "<group>"; };
		C45611581A3D764900779139 /* iOSButtonWrapper.swift */ = {isa = PBXFileReference; fileEncoding = 4; lastKnownFileType = sourcecode.swift; path = iOSButtonWrapper.swift; sourceTree = "<group>"; };
		C456115A1A3D765A00779139 /* iOSCanvasWrapper.swift */ = {isa = PBXFileReference; fileEncoding = 4; lastKnownFileType = sourcecode.swift; path = iOSCanvasWrapper.swift; sourceTree = "<group>"; };
		C456115C1A3D767200779139 /* iOSTextBoxWrapper.swift */ = {isa = PBXFileReference; fileEncoding = 4; lastKnownFileType = sourcecode.swift; path = iOSTextBoxWrapper.swift; sourceTree = "<group>"; };
		C456115E1A3D768100779139 /* iOSGridViewWrapper.swift */ = {isa = PBXFileReference; fileEncoding = 4; lastKnownFileType = sourcecode.swift; path = iOSGridViewWrapper.swift; sourceTree = "<group>"; };
		C45611601A3D769200779139 /* iOSImageWrapper.swift */ = {isa = PBXFileReference; fileEncoding = 4; lastKnownFileType = sourcecode.swift; path = iOSImageWrapper.swift; sourceTree = "<group>"; };
		C45611621A3D769F00779139 /* iOSListBoxWrapper.swift */ = {isa = PBXFileReference; fileEncoding = 4; lastKnownFileType = sourcecode.swift; path = iOSListBoxWrapper.swift; sourceTree = "<group>"; };
		C45611641A3D76AF00779139 /* iOSListViewWrapper.swift */ = {isa = PBXFileReference; fileEncoding = 4; lastKnownFileType = sourcecode.swift; path = iOSListViewWrapper.swift; sourceTree = "<group>"; };
		C45611661A3D76BB00779139 /* iOSLocationWrapper.swift */ = {isa = PBXFileReference; fileEncoding = 4; lastKnownFileType = sourcecode.swift; path = iOSLocationWrapper.swift; sourceTree = "<group>"; };
		C45611681A3D76D000779139 /* iOSToolBarWrapper.swift */ = {isa = PBXFileReference; fileEncoding = 4; lastKnownFileType = sourcecode.swift; path = iOSToolBarWrapper.swift; sourceTree = "<group>"; };
		C456116A1A3D76DF00779139 /* iOSToolBarToggleWrapper.swift */ = {isa = PBXFileReference; fileEncoding = 4; lastKnownFileType = sourcecode.swift; path = iOSToolBarToggleWrapper.swift; sourceTree = "<group>"; };
		C456116C1A3D76FA00779139 /* iOSPickerWrapper.swift */ = {isa = PBXFileReference; fileEncoding = 4; lastKnownFileType = sourcecode.swift; path = iOSPickerWrapper.swift; sourceTree = "<group>"; };
		C456116E1A3D771400779139 /* iOSProgressBarWrapper.swift */ = {isa = PBXFileReference; fileEncoding = 4; lastKnownFileType = sourcecode.swift; path = iOSProgressBarWrapper.swift; sourceTree = "<group>"; };
		C45611701A3D772100779139 /* iOSProgressRingWrapper.swift */ = {isa = PBXFileReference; fileEncoding = 4; lastKnownFileType = sourcecode.swift; path = iOSProgressRingWrapper.swift; sourceTree = "<group>"; };
		C45611721A3D773200779139 /* iOSRectangleWrapper.swift */ = {isa = PBXFileReference; fileEncoding = 4; lastKnownFileType = sourcecode.swift; path = iOSRectangleWrapper.swift; sourceTree = "<group>"; };
		C45611741A3D774000779139 /* iOSScrollWrapper.swift */ = {isa = PBXFileReference; fileEncoding = 4; lastKnownFileType = sourcecode.swift; path = iOSScrollWrapper.swift; sourceTree = "<group>"; };
		C45611761A3D775000779139 /* iOSSliderWrapper.swift */ = {isa = PBXFileReference; fileEncoding = 4; lastKnownFileType = sourcecode.swift; path = iOSSliderWrapper.swift; sourceTree = "<group>"; };
		C45611781A3D775C00779139 /* iOSStackPanelWrapper.swift */ = {isa = PBXFileReference; fileEncoding = 4; lastKnownFileType = sourcecode.swift; path = iOSStackPanelWrapper.swift; sourceTree = "<group>"; };
		C456117A1A3D777600779139 /* iOSTextBlockWrapper.swift */ = {isa = PBXFileReference; fileEncoding = 4; lastKnownFileType = sourcecode.swift; path = iOSTextBlockWrapper.swift; sourceTree = "<group>"; };
		C456117C1A3D778300779139 /* iOSToggleSwitchWrapper.swift */ = {isa = PBXFileReference; fileEncoding = 4; lastKnownFileType = sourcecode.swift; path = iOSToggleSwitchWrapper.swift; sourceTree = "<group>"; };
		C456117E1A3D77CC00779139 /* iOSWebViewWrapper.swift */ = {isa = PBXFileReference; fileEncoding = 4; lastKnownFileType = sourcecode.swift; path = iOSWebViewWrapper.swift; sourceTree = "<group>"; };
		C45611801A3D77DE00779139 /* iOSWrapPanelWrapper.swift */ = {isa = PBXFileReference; fileEncoding = 4; lastKnownFileType = sourcecode.swift; path = iOSWrapPanelWrapper.swift; sourceTree = "<group>"; };
		C4646A9F1A391D150043FB90 /* Util.swift */ = {isa = PBXFileReference; fileEncoding = 4; lastKnownFileType = sourcecode.swift; path = Util.swift; sourceTree = "<group>"; };
		C4646AA11A392BC30043FB90 /* UtilTests.swift */ = {isa = PBXFileReference; fileEncoding = 4; lastKnownFileType = sourcecode.swift; path = UtilTests.swift; sourceTree = "<group>"; };
		C4646AA31A3A24EB0043FB90 /* ViewModelTests.swift */ = {isa = PBXFileReference; fileEncoding = 4; lastKnownFileType = sourcecode.swift; path = ViewModelTests.swift; sourceTree = "<group>"; };
		C4AFA1651A33D71F00040A9D /* SynchroSwift.app */ = {isa = PBXFileReference; explicitFileType = wrapper.application; includeInIndex = 0; path = SynchroSwift.app; sourceTree = BUILT_PRODUCTS_DIR; };
		C4AFA1691A33D71F00040A9D /* Info.plist */ = {isa = PBXFileReference; lastKnownFileType = text.plist.xml; path = Info.plist; sourceTree = "<group>"; };
		C4AFA16A1A33D71F00040A9D /* AppDelegate.swift */ = {isa = PBXFileReference; lastKnownFileType = sourcecode.swift; path = AppDelegate.swift; sourceTree = "<group>"; };
		C4AFA16C1A33D71F00040A9D /* ViewController.swift */ = {isa = PBXFileReference; lastKnownFileType = sourcecode.swift; path = ViewController.swift; sourceTree = "<group>"; };
		C4AFA16F1A33D71F00040A9D /* Base */ = {isa = PBXFileReference; lastKnownFileType = file.storyboard; name = Base; path = Base.lproj/Main.storyboard; sourceTree = "<group>"; };
		C4AFA1711A33D71F00040A9D /* Images.xcassets */ = {isa = PBXFileReference; lastKnownFileType = folder.assetcatalog; path = Images.xcassets; sourceTree = "<group>"; };
		C4AFA1741A33D71F00040A9D /* Base */ = {isa = PBXFileReference; lastKnownFileType = file.xib; name = Base; path = Base.lproj/LaunchScreen.xib; sourceTree = "<group>"; };
		C4AFA17A1A33D71F00040A9D /* SynchroSwiftTests.xctest */ = {isa = PBXFileReference; explicitFileType = wrapper.cfbundle; includeInIndex = 0; path = SynchroSwiftTests.xctest; sourceTree = BUILT_PRODUCTS_DIR; };
		C4AFA17F1A33D71F00040A9D /* Info.plist */ = {isa = PBXFileReference; lastKnownFileType = text.plist.xml; path = Info.plist; sourceTree = "<group>"; };
		C4AFA1801A33D71F00040A9D /* SynchroSwiftTests.swift */ = {isa = PBXFileReference; lastKnownFileType = sourcecode.swift; path = SynchroSwiftTests.swift; sourceTree = "<group>"; };
		C4AFA18B1A33DE9100040A9D /* Binding.swift */ = {isa = PBXFileReference; fileEncoding = 4; lastKnownFileType = sourcecode.swift; path = Binding.swift; sourceTree = "<group>"; };
		C4AFA18C1A33DE9100040A9D /* BindingContext.swift */ = {isa = PBXFileReference; fileEncoding = 4; lastKnownFileType = sourcecode.swift; path = BindingContext.swift; sourceTree = "<group>"; };
		C4AFA18D1A33DE9100040A9D /* DeviceMetrics.swift */ = {isa = PBXFileReference; fileEncoding = 4; lastKnownFileType = sourcecode.swift; path = DeviceMetrics.swift; sourceTree = "<group>"; };
		C4AFA18E1A33DE9100040A9D /* Json.swift */ = {isa = PBXFileReference; fileEncoding = 4; lastKnownFileType = sourcecode.swift; path = Json.swift; sourceTree = "<group>"; };
		C4AFA18F1A33DE9100040A9D /* JsonParser.swift */ = {isa = PBXFileReference; fileEncoding = 4; lastKnownFileType = sourcecode.swift; path = JsonParser.swift; sourceTree = "<group>"; };
		C4AFA1901A33DE9100040A9D /* JsonWriter.swift */ = {isa = PBXFileReference; fileEncoding = 4; lastKnownFileType = sourcecode.swift; path = JsonWriter.swift; sourceTree = "<group>"; };
		C4AFA1911A33DE9100040A9D /* Logger.swift */ = {isa = PBXFileReference; fileEncoding = 4; lastKnownFileType = sourcecode.swift; path = Logger.swift; sourceTree = "<group>"; };
		C4AFA1921A33DE9100040A9D /* StateManager.swift */ = {isa = PBXFileReference; fileEncoding = 4; lastKnownFileType = sourcecode.swift; path = StateManager.swift; sourceTree = "<group>"; };
		C4AFA1931A33DE9100040A9D /* SynchroApp.swift */ = {isa = PBXFileReference; fileEncoding = 4; lastKnownFileType = sourcecode.swift; path = SynchroApp.swift; sourceTree = "<group>"; };
		C4AFA1941A33DE9100040A9D /* Transport.swift */ = {isa = PBXFileReference; fileEncoding = 4; lastKnownFileType = sourcecode.swift; path = Transport.swift; sourceTree = "<group>"; };
		C4AFA1951A33DE9100040A9D /* TransportHttp.swift */ = {isa = PBXFileReference; fileEncoding = 4; lastKnownFileType = sourcecode.swift; path = TransportHttp.swift; sourceTree = "<group>"; };
		C4AFA1961A33DE9100040A9D /* ViewModel.swift */ = {isa = PBXFileReference; fileEncoding = 4; lastKnownFileType = sourcecode.swift; path = ViewModel.swift; sourceTree = "<group>"; };
		C4AFA1A71A33DEAB00040A9D /* JsonParserTests.swift */ = {isa = PBXFileReference; fileEncoding = 4; lastKnownFileType = sourcecode.swift; path = JsonParserTests.swift; sourceTree = "<group>"; };
		C4AFA1A81A33DEAB00040A9D /* JsonTests.swift */ = {isa = PBXFileReference; fileEncoding = 4; lastKnownFileType = sourcecode.swift; path = JsonTests.swift; sourceTree = "<group>"; };
		C4AFA1A91A33DEAB00040A9D /* SynchroAppTests.swift */ = {isa = PBXFileReference; fileEncoding = 4; lastKnownFileType = sourcecode.swift; path = SynchroAppTests.swift; sourceTree = "<group>"; };
		C4AFA1AA1A33DEAB00040A9D /* TransportTests.swift */ = {isa = PBXFileReference; fileEncoding = 4; lastKnownFileType = sourcecode.swift; path = TransportTests.swift; sourceTree = "<group>"; };
		C4AFA1AF1A33DF4C00040A9D /* seed.json */ = {isa = PBXFileReference; fileEncoding = 4; lastKnownFileType = text.json; path = seed.json; sourceTree = "<group>"; };
		C4B4FD241A3E6DC800328772 /* iOSPageView.swift */ = {isa = PBXFileReference; fileEncoding = 4; lastKnownFileType = sourcecode.swift; path = iOSPageView.swift; sourceTree = "<group>"; };
/* End PBXFileReference section */

/* Begin PBXFrameworksBuildPhase section */
		C4AFA1621A33D71F00040A9D /* Frameworks */ = {
			isa = PBXFrameworksBuildPhase;
			buildActionMask = 2147483647;
			files = (
			);
			runOnlyForDeploymentPostprocessing = 0;
		};
		C4AFA1771A33D71F00040A9D /* Frameworks */ = {
			isa = PBXFrameworksBuildPhase;
			buildActionMask = 2147483647;
			files = (
			);
			runOnlyForDeploymentPostprocessing = 0;
		};
/* End PBXFrameworksBuildPhase section */

/* Begin PBXGroup section */
		C4AFA15C1A33D71F00040A9D = {
			isa = PBXGroup;
			children = (
				C4AFA1671A33D71F00040A9D /* SynchroSwift */,
				C4AFA17D1A33D71F00040A9D /* SynchroSwiftTests */,
				C4AFA1661A33D71F00040A9D /* Products */,
			);
			sourceTree = "<group>";
		};
		C4AFA1661A33D71F00040A9D /* Products */ = {
			isa = PBXGroup;
			children = (
				C4AFA1651A33D71F00040A9D /* SynchroSwift.app */,
				C4AFA17A1A33D71F00040A9D /* SynchroSwiftTests.xctest */,
			);
			name = Products;
			sourceTree = "<group>";
		};
		C4AFA1671A33D71F00040A9D /* SynchroSwift */ = {
			isa = PBXGroup;
			children = (
				C4AFA1A31A33DE9E00040A9D /* Controls */,
				C4AFA18A1A33DE9100040A9D /* Core */,
				C4AFA16A1A33D71F00040A9D /* AppDelegate.swift */,
				C4AFA16C1A33D71F00040A9D /* ViewController.swift */,
				C4AFA16E1A33D71F00040A9D /* Main.storyboard */,
				C4AFA1711A33D71F00040A9D /* Images.xcassets */,
				C4AFA1731A33D71F00040A9D /* LaunchScreen.xib */,
				C4AFA1681A33D71F00040A9D /* Supporting Files */,
			);
			path = SynchroSwift;
			sourceTree = "<group>";
		};
		C4AFA1681A33D71F00040A9D /* Supporting Files */ = {
			isa = PBXGroup;
			children = (
				C4AFA1AF1A33DF4C00040A9D /* seed.json */,
				C4AFA1691A33D71F00040A9D /* Info.plist */,
			);
			name = "Supporting Files";
			sourceTree = "<group>";
		};
		C4AFA17D1A33D71F00040A9D /* SynchroSwiftTests */ = {
			isa = PBXGroup;
			children = (
				C4AFA1A61A33DEAB00040A9D /* Core */,
				C4AFA1801A33D71F00040A9D /* SynchroSwiftTests.swift */,
				C4AFA17E1A33D71F00040A9D /* Supporting Files */,
			);
			path = SynchroSwiftTests;
			sourceTree = "<group>";
		};
		C4AFA17E1A33D71F00040A9D /* Supporting Files */ = {
			isa = PBXGroup;
			children = (
				C4AFA17F1A33D71F00040A9D /* Info.plist */,
			);
			name = "Supporting Files";
			sourceTree = "<group>";
		};
		C4AFA18A1A33DE9100040A9D /* Core */ = {
			isa = PBXGroup;
			children = (
				C4AFA18B1A33DE9100040A9D /* Binding.swift */,
				C4AFA18C1A33DE9100040A9D /* BindingContext.swift */,
				C40D60591A3C25C80048B5A0 /* CommandInstance.swift */,
				C40D605B1A3CC93C0048B5A0 /* ControlWrapper.swift */,
				C4AFA18D1A33DE9100040A9D /* DeviceMetrics.swift */,
				C4AFA18E1A33DE9100040A9D /* Json.swift */,
				C4AFA18F1A33DE9100040A9D /* JsonParser.swift */,
				C4AFA1901A33DE9100040A9D /* JsonWriter.swift */,
				C4AFA1911A33DE9100040A9D /* Logger.swift */,
				C40D60631A3CDB910048B5A0 /* PageView.swift */,
				C4B4FD241A3E6DC800328772 /* iOSPageView.swift */,
				C4AFA1921A33DE9100040A9D /* StateManager.swift */,
				C4AFA1931A33DE9100040A9D /* SynchroApp.swift */,
				C416C5001A38584300FD789A /* TokenConverter.swift */,
				C4AFA1941A33DE9100040A9D /* Transport.swift */,
				C4AFA1951A33DE9100040A9D /* TransportHttp.swift */,
				C4AFA1961A33DE9100040A9D /* ViewModel.swift */,
				C4646A9F1A391D150043FB90 /* Util.swift */,
			);
			path = Core;
			sourceTree = "<group>";
		};
		C4AFA1A31A33DE9E00040A9D /* Controls */ = {
			isa = PBXGroup;
			children = (
				C40D60611A3CCE0D0048B5A0 /* iOSControlWrapper.swift */,
				C45611561A3D763900779139 /* iOSBorderWrapper.swift */,
				C45611581A3D764900779139 /* iOSButtonWrapper.swift */,
				C456115A1A3D765A00779139 /* iOSCanvasWrapper.swift */,
				C456115C1A3D767200779139 /* iOSTextBoxWrapper.swift */,
				C456115E1A3D768100779139 /* iOSGridViewWrapper.swift */,
				C45611601A3D769200779139 /* iOSImageWrapper.swift */,
				C45611621A3D769F00779139 /* iOSListBoxWrapper.swift */,
				C45611641A3D76AF00779139 /* iOSListViewWrapper.swift */,
				C45611661A3D76BB00779139 /* iOSLocationWrapper.swift */,
				C45611681A3D76D000779139 /* iOSToolBarWrapper.swift */,
				C456116A1A3D76DF00779139 /* iOSToolBarToggleWrapper.swift */,
				C456116C1A3D76FA00779139 /* iOSPickerWrapper.swift */,
				C456116E1A3D771400779139 /* iOSProgressBarWrapper.swift */,
				C45611701A3D772100779139 /* iOSProgressRingWrapper.swift */,
				C45611721A3D773200779139 /* iOSRectangleWrapper.swift */,
				C45611741A3D774000779139 /* iOSScrollWrapper.swift */,
				C45611761A3D775000779139 /* iOSSliderWrapper.swift */,
				C45611781A3D775C00779139 /* iOSStackPanelWrapper.swift */,
				C456117A1A3D777600779139 /* iOSTextBlockWrapper.swift */,
				C456117C1A3D778300779139 /* iOSToggleSwitchWrapper.swift */,
				C456117E1A3D77CC00779139 /* iOSWebViewWrapper.swift */,
				C45611801A3D77DE00779139 /* iOSWrapPanelWrapper.swift */,
			);
			path = Controls;
			sourceTree = "<group>";
		};
		C4AFA1A61A33DEAB00040A9D /* Core */ = {
			isa = PBXGroup;
			children = (
				C416C4FE1A38415E00FD789A /* BindingTests.swift */,
				C42F3CFD1A370B950010AC55 /* BindingContextTests.swift */,
				C40D605F1A3CC9F30048B5A0 /* ControlWrapperTests.swift */,
				C4AFA1A71A33DEAB00040A9D /* JsonParserTests.swift */,
				C4AFA1A81A33DEAB00040A9D /* JsonTests.swift */,
				C40D60561A3AD0F50048B5A0 /* StateManagerTests.swift */,
				C4AFA1A91A33DEAB00040A9D /* SynchroAppTests.swift */,
				C416C5021A38585500FD789A /* TokenConverterTests.swift */,
				C4AFA1AA1A33DEAB00040A9D /* TransportTests.swift */,
				C4646AA11A392BC30043FB90 /* UtilTests.swift */,
				C4646AA31A3A24EB0043FB90 /* ViewModelTests.swift */,
			);
			path = Core;
			sourceTree = "<group>";
		};
/* End PBXGroup section */

/* Begin PBXNativeTarget section */
		C4AFA1641A33D71F00040A9D /* SynchroSwift */ = {
			isa = PBXNativeTarget;
			buildConfigurationList = C4AFA1841A33D71F00040A9D /* Build configuration list for PBXNativeTarget "SynchroSwift" */;
			buildPhases = (
				C4AFA1611A33D71F00040A9D /* Sources */,
				C4AFA1621A33D71F00040A9D /* Frameworks */,
				C4AFA1631A33D71F00040A9D /* Resources */,
			);
			buildRules = (
			);
			dependencies = (
			);
			name = SynchroSwift;
			productName = SynchroSwift;
			productReference = C4AFA1651A33D71F00040A9D /* SynchroSwift.app */;
			productType = "com.apple.product-type.application";
		};
		C4AFA1791A33D71F00040A9D /* SynchroSwiftTests */ = {
			isa = PBXNativeTarget;
			buildConfigurationList = C4AFA1871A33D71F00040A9D /* Build configuration list for PBXNativeTarget "SynchroSwiftTests" */;
			buildPhases = (
				C4AFA1761A33D71F00040A9D /* Sources */,
				C4AFA1771A33D71F00040A9D /* Frameworks */,
				C4AFA1781A33D71F00040A9D /* Resources */,
			);
			buildRules = (
			);
			dependencies = (
				C4AFA17C1A33D71F00040A9D /* PBXTargetDependency */,
			);
			name = SynchroSwiftTests;
			productName = SynchroSwiftTests;
			productReference = C4AFA17A1A33D71F00040A9D /* SynchroSwiftTests.xctest */;
			productType = "com.apple.product-type.bundle.unit-test";
		};
/* End PBXNativeTarget section */

/* Begin PBXProject section */
		C4AFA15D1A33D71F00040A9D /* Project object */ = {
			isa = PBXProject;
			attributes = {
				LastUpgradeCheck = 0610;
				ORGANIZATIONNAME = "Robert Dickinson";
				TargetAttributes = {
					C4AFA1641A33D71F00040A9D = {
						CreatedOnToolsVersion = 6.1;
					};
					C4AFA1791A33D71F00040A9D = {
						CreatedOnToolsVersion = 6.1;
						TestTargetID = C4AFA1641A33D71F00040A9D;
					};
				};
			};
			buildConfigurationList = C4AFA1601A33D71F00040A9D /* Build configuration list for PBXProject "SynchroSwift" */;
			compatibilityVersion = "Xcode 3.2";
			developmentRegion = English;
			hasScannedForEncodings = 0;
			knownRegions = (
				en,
				Base,
			);
			mainGroup = C4AFA15C1A33D71F00040A9D;
			productRefGroup = C4AFA1661A33D71F00040A9D /* Products */;
			projectDirPath = "";
			projectRoot = "";
			targets = (
				C4AFA1641A33D71F00040A9D /* SynchroSwift */,
				C4AFA1791A33D71F00040A9D /* SynchroSwiftTests */,
			);
		};
/* End PBXProject section */

/* Begin PBXResourcesBuildPhase section */
		C4AFA1631A33D71F00040A9D /* Resources */ = {
			isa = PBXResourcesBuildPhase;
			buildActionMask = 2147483647;
			files = (
				C4AFA1701A33D71F00040A9D /* Main.storyboard in Resources */,
				C4AFA1751A33D71F00040A9D /* LaunchScreen.xib in Resources */,
				C4AFA1B01A33DF4C00040A9D /* seed.json in Resources */,
				C4AFA1721A33D71F00040A9D /* Images.xcassets in Resources */,
			);
			runOnlyForDeploymentPostprocessing = 0;
		};
		C4AFA1781A33D71F00040A9D /* Resources */ = {
			isa = PBXResourcesBuildPhase;
			buildActionMask = 2147483647;
			files = (
			);
			runOnlyForDeploymentPostprocessing = 0;
		};
/* End PBXResourcesBuildPhase section */

/* Begin PBXSourcesBuildPhase section */
		C4AFA1611A33D71F00040A9D /* Sources */ = {
			isa = PBXSourcesBuildPhase;
			buildActionMask = 2147483647;
			files = (
				C456115B1A3D765A00779139 /* iOSCanvasWrapper.swift in Sources */,
				C4AFA16D1A33D71F00040A9D /* ViewController.swift in Sources */,
				C45611631A3D769F00779139 /* iOSListBoxWrapper.swift in Sources */,
				C45611791A3D775C00779139 /* iOSStackPanelWrapper.swift in Sources */,
				C45611771A3D775000779139 /* iOSSliderWrapper.swift in Sources */,
				C45611691A3D76D000779139 /* iOSToolBarWrapper.swift in Sources */,
				C45611711A3D772100779139 /* iOSProgressRingWrapper.swift in Sources */,
				C4AFA1991A33DE9100040A9D /* DeviceMetrics.swift in Sources */,
				C456117B1A3D777600779139 /* iOSTextBlockWrapper.swift in Sources */,
				C40D60621A3CCE0D0048B5A0 /* iOSControlWrapper.swift in Sources */,
				C456116B1A3D76DF00779139 /* iOSToolBarToggleWrapper.swift in Sources */,
				C45611751A3D774000779139 /* iOSScrollWrapper.swift in Sources */,
				C45611671A3D76BB00779139 /* iOSLocationWrapper.swift in Sources */,
				C456115D1A3D767200779139 /* iOSTextBoxWrapper.swift in Sources */,
				C456116F1A3D771400779139 /* iOSProgressBarWrapper.swift in Sources */,
				C4AFA19C1A33DE9100040A9D /* JsonWriter.swift in Sources */,
				C4AFA1A11A33DE9100040A9D /* TransportHttp.swift in Sources */,
				C40D60641A3CDB910048B5A0 /* PageView.swift in Sources */,
				C45611571A3D763900779139 /* iOSBorderWrapper.swift in Sources */,
				C45611651A3D76AF00779139 /* iOSListViewWrapper.swift in Sources */,
				C4AFA19E1A33DE9100040A9D /* StateManager.swift in Sources */,
				C4AFA1971A33DE9100040A9D /* Binding.swift in Sources */,
				C4646AA01A391D150043FB90 /* Util.swift in Sources */,
				C456117D1A3D778300779139 /* iOSToggleSwitchWrapper.swift in Sources */,
				C45611811A3D77DE00779139 /* iOSWrapPanelWrapper.swift in Sources */,
				C40D605A1A3C25C80048B5A0 /* CommandInstance.swift in Sources */,
				C45611591A3D764900779139 /* iOSButtonWrapper.swift in Sources */,
				C4AFA1A21A33DE9100040A9D /* ViewModel.swift in Sources */,
				C45611731A3D773200779139 /* iOSRectangleWrapper.swift in Sources */,
				C416C5011A38584300FD789A /* TokenConverter.swift in Sources */,
				C4AFA19F1A33DE9100040A9D /* SynchroApp.swift in Sources */,
				C45611611A3D769200779139 /* iOSImageWrapper.swift in Sources */,
				C4AFA19D1A33DE9100040A9D /* Logger.swift in Sources */,
				C40D605C1A3CC93C0048B5A0 /* ControlWrapper.swift in Sources */,
				C4AFA1A01A33DE9100040A9D /* Transport.swift in Sources */,
				C4AFA19A1A33DE9100040A9D /* Json.swift in Sources */,
				C456117F1A3D77CC00779139 /* iOSWebViewWrapper.swift in Sources */,
				C456116D1A3D76FA00779139 /* iOSPickerWrapper.swift in Sources */,
				C4AFA16B1A33D71F00040A9D /* AppDelegate.swift in Sources */,
				C4AFA19B1A33DE9100040A9D /* JsonParser.swift in Sources */,
				C4B4FD251A3E6DC800328772 /* iOSPageView.swift in Sources */,
				C4AFA1981A33DE9100040A9D /* BindingContext.swift in Sources */,
				C456115F1A3D768100779139 /* iOSGridViewWrapper.swift in Sources */,
			);
			runOnlyForDeploymentPostprocessing = 0;
		};
		C4AFA1761A33D71F00040A9D /* Sources */ = {
			isa = PBXSourcesBuildPhase;
			buildActionMask = 2147483647;
			files = (
				C416C5031A38585500FD789A /* TokenConverterTests.swift in Sources */,
				C4AFA1AE1A33DEAB00040A9D /* TransportTests.swift in Sources */,
				C4646AA41A3A24EB0043FB90 /* ViewModelTests.swift in Sources */,
				C4AFA1AB1A33DEAB00040A9D /* JsonParserTests.swift in Sources */,
				C4AFA1811A33D71F00040A9D /* SynchroSwiftTests.swift in Sources */,
				C416C4FF1A38415E00FD789A /* BindingTests.swift in Sources */,
				C40D60581A3AD3300048B5A0 /* ViewController.swift in Sources */,
				C4AFA1AD1A33DEAB00040A9D /* SynchroAppTests.swift in Sources */,
				C40D60601A3CC9F30048B5A0 /* ControlWrapperTests.swift in Sources */,
				C4AFA1AC1A33DEAB00040A9D /* JsonTests.swift in Sources */,
				C40D60571A3AD0F50048B5A0 /* StateManagerTests.swift in Sources */,
				C4646AA21A392BC30043FB90 /* UtilTests.swift in Sources */,
				C42F3CFE1A370B950010AC55 /* BindingContextTests.swift in Sources */,
			);
			runOnlyForDeploymentPostprocessing = 0;
		};
/* End PBXSourcesBuildPhase section */

/* Begin PBXTargetDependency section */
		C4AFA17C1A33D71F00040A9D /* PBXTargetDependency */ = {
			isa = PBXTargetDependency;
			target = C4AFA1641A33D71F00040A9D /* SynchroSwift */;
			targetProxy = C4AFA17B1A33D71F00040A9D /* PBXContainerItemProxy */;
		};
/* End PBXTargetDependency section */

/* Begin PBXVariantGroup section */
		C4AFA16E1A33D71F00040A9D /* Main.storyboard */ = {
			isa = PBXVariantGroup;
			children = (
				C4AFA16F1A33D71F00040A9D /* Base */,
			);
			name = Main.storyboard;
			sourceTree = "<group>";
		};
		C4AFA1731A33D71F00040A9D /* LaunchScreen.xib */ = {
			isa = PBXVariantGroup;
			children = (
				C4AFA1741A33D71F00040A9D /* Base */,
			);
			name = LaunchScreen.xib;
			sourceTree = "<group>";
		};
/* End PBXVariantGroup section */

/* Begin XCBuildConfiguration section */
		C4AFA1821A33D71F00040A9D /* Debug */ = {
			isa = XCBuildConfiguration;
			buildSettings = {
				ALWAYS_SEARCH_USER_PATHS = NO;
				CLANG_CXX_LANGUAGE_STANDARD = "gnu++0x";
				CLANG_CXX_LIBRARY = "libc++";
				CLANG_ENABLE_MODULES = YES;
				CLANG_ENABLE_OBJC_ARC = YES;
				CLANG_WARN_BOOL_CONVERSION = YES;
				CLANG_WARN_CONSTANT_CONVERSION = YES;
				CLANG_WARN_DIRECT_OBJC_ISA_USAGE = YES_ERROR;
				CLANG_WARN_EMPTY_BODY = YES;
				CLANG_WARN_ENUM_CONVERSION = YES;
				CLANG_WARN_INT_CONVERSION = YES;
				CLANG_WARN_OBJC_ROOT_CLASS = YES_ERROR;
				CLANG_WARN_UNREACHABLE_CODE = YES;
				CLANG_WARN__DUPLICATE_METHOD_MATCH = YES;
				"CODE_SIGN_IDENTITY[sdk=iphoneos*]" = "iPhone Developer";
				COPY_PHASE_STRIP = NO;
				ENABLE_STRICT_OBJC_MSGSEND = YES;
				GCC_C_LANGUAGE_STANDARD = gnu99;
				GCC_DYNAMIC_NO_PIC = NO;
				GCC_OPTIMIZATION_LEVEL = 0;
				GCC_PREPROCESSOR_DEFINITIONS = (
					"DEBUG=1",
					"$(inherited)",
				);
				GCC_SYMBOLS_PRIVATE_EXTERN = NO;
				GCC_WARN_64_TO_32_BIT_CONVERSION = YES;
				GCC_WARN_ABOUT_RETURN_TYPE = YES_ERROR;
				GCC_WARN_UNDECLARED_SELECTOR = YES;
				GCC_WARN_UNINITIALIZED_AUTOS = YES_AGGRESSIVE;
				GCC_WARN_UNUSED_FUNCTION = YES;
				GCC_WARN_UNUSED_VARIABLE = YES;
				IPHONEOS_DEPLOYMENT_TARGET = 8.1;
				MTL_ENABLE_DEBUG_INFO = YES;
				ONLY_ACTIVE_ARCH = YES;
				SDKROOT = iphoneos;
				SWIFT_OPTIMIZATION_LEVEL = "-Onone";
				TARGETED_DEVICE_FAMILY = "1,2";
			};
			name = Debug;
		};
		C4AFA1831A33D71F00040A9D /* Release */ = {
			isa = XCBuildConfiguration;
			buildSettings = {
				ALWAYS_SEARCH_USER_PATHS = NO;
				CLANG_CXX_LANGUAGE_STANDARD = "gnu++0x";
				CLANG_CXX_LIBRARY = "libc++";
				CLANG_ENABLE_MODULES = YES;
				CLANG_ENABLE_OBJC_ARC = YES;
				CLANG_WARN_BOOL_CONVERSION = YES;
				CLANG_WARN_CONSTANT_CONVERSION = YES;
				CLANG_WARN_DIRECT_OBJC_ISA_USAGE = YES_ERROR;
				CLANG_WARN_EMPTY_BODY = YES;
				CLANG_WARN_ENUM_CONVERSION = YES;
				CLANG_WARN_INT_CONVERSION = YES;
				CLANG_WARN_OBJC_ROOT_CLASS = YES_ERROR;
				CLANG_WARN_UNREACHABLE_CODE = YES;
				CLANG_WARN__DUPLICATE_METHOD_MATCH = YES;
				"CODE_SIGN_IDENTITY[sdk=iphoneos*]" = "iPhone Developer";
				COPY_PHASE_STRIP = YES;
				ENABLE_NS_ASSERTIONS = NO;
				ENABLE_STRICT_OBJC_MSGSEND = YES;
				GCC_C_LANGUAGE_STANDARD = gnu99;
				GCC_WARN_64_TO_32_BIT_CONVERSION = YES;
				GCC_WARN_ABOUT_RETURN_TYPE = YES_ERROR;
				GCC_WARN_UNDECLARED_SELECTOR = YES;
				GCC_WARN_UNINITIALIZED_AUTOS = YES_AGGRESSIVE;
				GCC_WARN_UNUSED_FUNCTION = YES;
				GCC_WARN_UNUSED_VARIABLE = YES;
				IPHONEOS_DEPLOYMENT_TARGET = 8.1;
				MTL_ENABLE_DEBUG_INFO = NO;
				SDKROOT = iphoneos;
				TARGETED_DEVICE_FAMILY = "1,2";
				VALIDATE_PRODUCT = YES;
			};
			name = Release;
		};
		C4AFA1851A33D71F00040A9D /* Debug */ = {
			isa = XCBuildConfiguration;
			buildSettings = {
				ASSETCATALOG_COMPILER_APPICON_NAME = AppIcon;
				INFOPLIST_FILE = SynchroSwift/Info.plist;
				LD_RUNPATH_SEARCH_PATHS = "$(inherited) @executable_path/Frameworks";
				PRODUCT_NAME = "$(TARGET_NAME)";
			};
			name = Debug;
		};
		C4AFA1861A33D71F00040A9D /* Release */ = {
			isa = XCBuildConfiguration;
			buildSettings = {
				ASSETCATALOG_COMPILER_APPICON_NAME = AppIcon;
				INFOPLIST_FILE = SynchroSwift/Info.plist;
				LD_RUNPATH_SEARCH_PATHS = "$(inherited) @executable_path/Frameworks";
				PRODUCT_NAME = "$(TARGET_NAME)";
			};
			name = Release;
		};
		C4AFA1881A33D71F00040A9D /* Debug */ = {
			isa = XCBuildConfiguration;
			buildSettings = {
				BUNDLE_LOADER = "$(TEST_HOST)";
				FRAMEWORK_SEARCH_PATHS = (
					"$(SDKROOT)/Developer/Library/Frameworks",
					"$(inherited)",
				);
				GCC_PREPROCESSOR_DEFINITIONS = (
					"DEBUG=1",
					"$(inherited)",
				);
				INFOPLIST_FILE = SynchroSwiftTests/Info.plist;
				LD_RUNPATH_SEARCH_PATHS = "$(inherited) @executable_path/Frameworks @loader_path/Frameworks";
				PRODUCT_NAME = "$(TARGET_NAME)";
				TEST_HOST = "$(BUILT_PRODUCTS_DIR)/SynchroSwift.app/SynchroSwift";
			};
			name = Debug;
		};
		C4AFA1891A33D71F00040A9D /* Release */ = {
			isa = XCBuildConfiguration;
			buildSettings = {
				BUNDLE_LOADER = "$(TEST_HOST)";
				FRAMEWORK_SEARCH_PATHS = (
					"$(SDKROOT)/Developer/Library/Frameworks",
					"$(inherited)",
				);
				INFOPLIST_FILE = SynchroSwiftTests/Info.plist;
				LD_RUNPATH_SEARCH_PATHS = "$(inherited) @executable_path/Frameworks @loader_path/Frameworks";
				PRODUCT_NAME = "$(TARGET_NAME)";
				TEST_HOST = "$(BUILT_PRODUCTS_DIR)/SynchroSwift.app/SynchroSwift";
			};
			name = Release;
		};
/* End XCBuildConfiguration section */

/* Begin XCConfigurationList section */
		C4AFA1601A33D71F00040A9D /* Build configuration list for PBXProject "SynchroSwift" */ = {
			isa = XCConfigurationList;
			buildConfigurations = (
				C4AFA1821A33D71F00040A9D /* Debug */,
				C4AFA1831A33D71F00040A9D /* Release */,
			);
			defaultConfigurationIsVisible = 0;
			defaultConfigurationName = Release;
		};
		C4AFA1841A33D71F00040A9D /* Build configuration list for PBXNativeTarget "SynchroSwift" */ = {
			isa = XCConfigurationList;
			buildConfigurations = (
				C4AFA1851A33D71F00040A9D /* Debug */,
				C4AFA1861A33D71F00040A9D /* Release */,
			);
			defaultConfigurationIsVisible = 0;
			defaultConfigurationName = Release;
		};
		C4AFA1871A33D71F00040A9D /* Build configuration list for PBXNativeTarget "SynchroSwiftTests" */ = {
			isa = XCConfigurationList;
			buildConfigurations = (
				C4AFA1881A33D71F00040A9D /* Debug */,
				C4AFA1891A33D71F00040A9D /* Release */,
			);
			defaultConfigurationIsVisible = 0;
			defaultConfigurationName = Release;
		};
/* End XCConfigurationList section */
	};
	rootObject = C4AFA15D1A33D71F00040A9D /* Project object */;
}
